
Microsoft Visual Studio Solution File, Format Version 12.00
# Visual Studio Version 16
VisualStudioVersion = 16.0.30320.27
MinimumVisualStudioVersion = 10.0.40219.1
Project("{FAE04EC0-301F-11D3-BF4B-00C04F79EFBC}") = "kd_Tree", "kd_Tree\kd_Tree.csproj", "{5D3E777D-852D-4491-8FF8-71C5C9E29FD7}"
EndProject
Global
	GlobalSection(SolutionConfigurationPlatforms) = preSolution
		Debug|Any CPU = Debug|Any CPU
		Release|Any CPU = Release|Any CPU
	EndGlobalSection
	GlobalSection(ProjectConfigurationPlatforms) = postSolution
		{5D3E777D-852D-4491-8FF8-71C5C9E29FD7}.Debug|Any CPU.ActiveCfg = Debug|Any CPU
		{5D3E777D-852D-4491-8FF8-71C5C9E29FD7}.Debug|Any CPU.Build.0 = Debug|Any CPU
		{5D3E777D-852D-4491-8FF8-71C5C9E29FD7}.Release|Any CPU.ActiveCfg = Release|Any CPU
		{5D3E777D-852D-4491-8FF8-71C5C9E29FD7}.Release|Any CPU.Build.0 = Release|Any CPU
	EndGlobalSection
	GlobalSection(SolutionProperties) = preSolution
		HideSolutionNode = FALSE
	EndGlobalSection
	GlobalSection(ExtensibilityGlobals) = postSolution
		SolutionGuid = {A31D1E66-F05E-49D3-B631-3053FD2FE844}
	EndGlobalSection
EndGlobal
